# This file was autogenerated by uv via the following command:
#    uv pip compile agl-zzh.txt -o agl.lock
absl-py==2.3.1
    # via
    #   -r agl-zzh.txt
    #   tensorboard
accelerate==1.11.0
    # via
    #   -r agl-zzh.txt
    #   peft
    #   trl
    #   unsloth
    #   unsloth-zoo
    #   verl
agentlightning==0.3.0
    # via -r agl-zzh.txt
agentops==0.4.21
    # via
    #   -r agl-zzh.txt
    #   agentlightning
aiofiles==25.1.0
    # via -r agl-zzh.txt
aiohappyeyeballs==2.6.1
    # via
    #   -r agl-zzh.txt
    #   aiohttp
aiohttp==3.13.2
    # via
    #   -r agl-zzh.txt
    #   agentlightning
    #   agentops
    #   aiohttp-cors
    #   fsspec
    #   instructor
    #   langchain-community
    #   litellm
    #   modal
    #   ray
    #   vllm
aiohttp-cors==0.8.1
    # via
    #   -r agl-zzh.txt
    #   ray
aiologic==0.16.0
    # via
    #   -r agl-zzh.txt
    #   agentlightning
aiosignal==1.4.0
    # via
    #   -r agl-zzh.txt
    #   aiohttp
annotated-doc==0.0.4
    # via
    #   -r agl-zzh.txt
    #   fastapi
annotated-types==0.7.0
    # via
    #   -r agl-zzh.txt
    #   pydantic
anthropic==0.73.0
    # via -r agl-zzh.txt
antlr4-python3-runtime==4.9.3
    # via
    #   -r agl-zzh.txt
    #   hydra-core
    #   omegaconf
anyio==4.11.0
    # via
    #   -r agl-zzh.txt
    #   anthropic
    #   httpx
    #   jupyter-server
    #   mcp
    #   openai
    #   sse-starlette
    #   starlette
    #   watchfiles
appdirs==1.4.4
    # via
    #   -r agl-zzh.txt
    #   crewai
apscheduler==3.11.1
    # via
    #   -r agl-zzh.txt
    #   litellm
argon2-cffi==25.1.0
    # via
    #   -r agl-zzh.txt
    #   jupyter-server
argon2-cffi-bindings==25.1.0
    # via
    #   -r agl-zzh.txt
    #   argon2-cffi
arrow==1.4.0
    # via
    #   -r agl-zzh.txt
    #   isoduration
astor==0.8.1
    # via
    #   -r agl-zzh.txt
    #   depyf
asttokens==3.0.1
    # via
    #   -r agl-zzh.txt
    #   stack-data
async-lru==2.1.0
    # via
    #   -r agl-zzh.txt
    #   jupyterlab
attrs==25.4.0
    # via
    #   -r agl-zzh.txt
    #   aiohttp
    #   jsonschema
    #   referencing
autogen-agentchat==0.7.5
    # via -r agl-zzh.txt
autogen-core==0.7.5
    # via
    #   -r agl-zzh.txt
    #   autogen-agentchat
    #   autogen-ext
autogen-ext==0.7.5
    # via -r agl-zzh.txt
av==16.0.1
    # via
    #   -r agl-zzh.txt
    #   qwen-vl-utils
azure-core==1.36.0
    # via
    #   -r agl-zzh.txt
    #   azure-identity
    #   azure-storage-blob
azure-identity==1.25.1
    # via
    #   -r agl-zzh.txt
    #   litellm
azure-storage-blob==12.27.1
    # via
    #   -r agl-zzh.txt
    #   litellm
babel==2.17.0
    # via
    #   -r agl-zzh.txt
    #   jupyterlab-server
    #   mkdocs-git-revision-date-localized-plugin
    #   mkdocs-material
backoff==2.2.1
    # via
    #   -r agl-zzh.txt
    #   litellm
    #   posthog
backrefs==6.1
    # via
    #   -r agl-zzh.txt
    #   mkdocs-material
bcrypt==5.0.0
    # via
    #   -r agl-zzh.txt
    #   chromadb
beautifulsoup4==4.14.2
    # via
    #   -r agl-zzh.txt
    #   crewai-tools
    #   gdown
    #   nbconvert
    #   swebench
bitsandbytes==0.48.2
    # via
    #   -r agl-zzh.txt
    #   unsloth
black==25.11.0
    # via -r agl-zzh.txt
blake3==1.0.8
    # via
    #   -r agl-zzh.txt
    #   vllm
bleach==6.3.0
    # via
    #   -r agl-zzh.txt
    #   nbconvert
blessed==1.24.0
    # via
    #   -r agl-zzh.txt
    #   gpustat
blinker==1.9.0
    # via
    #   -r agl-zzh.txt
    #   flask
boto3==1.36.0
    # via
    #   -r agl-zzh.txt
    #   litellm
botocore==1.36.1
    # via
    #   -r agl-zzh.txt
    #   boto3
    #   s3transfer
build==1.3.0
    # via
    #   -r agl-zzh.txt
    #   chromadb
cachetools==6.2.2
    # via
    #   -r agl-zzh.txt
    #   google-auth
    #   vllm
cbor2==5.7.1
    # via
    #   -r agl-zzh.txt
    #   modal
    #   vllm
certifi==2025.11.12
    # via
    #   -r agl-zzh.txt
    #   httpcore
    #   httpx
    #   kubernetes
    #   modal
    #   requests
    #   sentry-sdk
cffi==2.0.0
    # via
    #   -r agl-zzh.txt
    #   argon2-cffi-bindings
    #   cryptography
    #   pynacl
    #   soundfile
cfgv==3.4.0
    # via
    #   -r agl-zzh.txt
    #   pre-commit
chardet==5.2.0
    # via
    #   -r agl-zzh.txt
    #   swebench
charset-normalizer==3.4.4
    # via
    #   -r agl-zzh.txt
    #   pdfminer-six
    #   requests
chromadb==1.1.1
    # via
    #   -r agl-zzh.txt
    #   crewai
click==8.2.1
    # via
    #   -r agl-zzh.txt
    #   black
    #   crewai
    #   flask
    #   hatch
    #   litellm
    #   mkdocs
    #   modal
    #   nltk
    #   ray
    #   rich-toolkit
    #   rq
    #   swanlab
    #   typer
    #   userpath
    #   uvicorn
    #   wandb
cloudpickle==3.1.2
    # via
    #   -r agl-zzh.txt
    #   tensordict
    #   vllm
codetiming==1.4.0
    # via
    #   -r agl-zzh.txt
    #   verl
colorama==0.4.6
    # via
    #   -r agl-zzh.txt
    #   griffe
    #   mkdocs-material
coloredlogs==15.0.1
    # via
    #   -r agl-zzh.txt
    #   onnxruntime
colorful==0.5.8
    # via
    #   -r agl-zzh.txt
    #   ray
comm==0.2.3
    # via
    #   -r agl-zzh.txt
    #   ipykernel
    #   ipywidgets
compressed-tensors==0.11.0
    # via
    #   -r agl-zzh.txt
    #   vllm
contourpy==1.3.3
    # via
    #   -r agl-zzh.txt
    #   matplotlib
crewai==1.2.0
    # via
    #   -r agl-zzh.txt
    #   crewai-tools
crewai-tools==1.2.0
    # via -r agl-zzh.txt
croniter==6.0.0
    # via
    #   -r agl-zzh.txt
    #   rq
cryptography==46.0.3
    # via
    #   -r agl-zzh.txt
    #   azure-identity
    #   azure-storage-blob
    #   litellm
    #   msal
    #   pdfminer-six
    #   pyjwt
    #   secretstorage
cupy-cuda12x==13.6.0
    # via
    #   -r agl-zzh.txt
    #   ray
cut-cross-entropy==25.1.1
    # via
    #   -r agl-zzh.txt
    #   unsloth-zoo
cycler==0.12.1
    # via
    #   -r agl-zzh.txt
    #   matplotlib
dataclasses-json==0.6.7
    # via
    #   -r agl-zzh.txt
    #   langchain-community
datasets==4.3.0
    # via
    #   -r agl-zzh.txt
    #   swebench
    #   trl
    #   unsloth
    #   unsloth-zoo
    #   verl
debugpy==1.8.19
    # via
    #   -r agl-zzh.txt
    #   ipykernel
decorator==5.2.1
    # via
    #   -r agl-zzh.txt
    #   ipython
defusedxml==0.7.1
    # via
    #   -r agl-zzh.txt
    #   nbconvert
    #   youtube-transcript-api
deprecation==2.1.0
    # via
    #   -r agl-zzh.txt
    #   lancedb
depyf==0.19.0
    # via
    #   -r agl-zzh.txt
    #   vllm
diffusers==0.35.2
    # via
    #   -r agl-zzh.txt
    #   unsloth
dill==0.4.0
    # via
    #   -r agl-zzh.txt
    #   datasets
    #   depyf
    #   multiprocess
    #   verl
diskcache==5.6.3
    # via
    #   -r agl-zzh.txt
    #   instructor
    #   vllm
distlib==0.4.0
    # via
    #   -r agl-zzh.txt
    #   virtualenv
distro==1.9.0
    # via
    #   -r agl-zzh.txt
    #   anthropic
    #   openai
    #   posthog
dnspython==2.8.0
    # via
    #   -r agl-zzh.txt
    #   email-validator
    #   pymongo
docker==7.1.0
    # via
    #   -r agl-zzh.txt
    #   crewai-tools
    #   swebench
docstring-parser==0.17.0
    # via
    #   -r agl-zzh.txt
    #   anthropic
    #   instructor
    #   tyro
durationpy==0.10
    # via
    #   -r agl-zzh.txt
    #   kubernetes
einops==0.8.1
    # via
    #   -r agl-zzh.txt
    #   flash-attn
    #   vllm
email-validator==2.3.0
    # via
    #   -r agl-zzh.txt
    #   fastapi
    #   pydantic
et-xmlfile==2.0.0
    # via
    #   -r agl-zzh.txt
    #   openpyxl
executing==2.2.1
    # via
    #   -r agl-zzh.txt
    #   stack-data
fastapi==0.121.2
    # via
    #   -r agl-zzh.txt
    #   agentlightning
    #   fastapi-sso
    #   litellm
    #   vllm
fastapi-cli==0.0.16
    # via
    #   -r agl-zzh.txt
    #   fastapi
fastapi-cloud-cli==0.3.1
    # via
    #   -r agl-zzh.txt
    #   fastapi-cli
fastapi-sso==0.16.0
    # via
    #   -r agl-zzh.txt
    #   litellm
fastcore==1.8.16
    # via
    #   -r agl-zzh.txt
    #   ghapi
fastjsonschema==2.21.2
    # via
    #   -r agl-zzh.txt
    #   nbformat
fastrlock==0.8.3
    # via
    #   -r agl-zzh.txt
    #   cupy-cuda12x
fastuuid==0.14.0
    # via
    #   -r agl-zzh.txt
    #   litellm
filelock==3.20.0
    # via
    #   -r agl-zzh.txt
    #   datasets
    #   diffusers
    #   gdown
    #   huggingface-hub
    #   ray
    #   torch
    #   transformers
    #   unsloth-zoo
    #   virtualenv
    #   vllm
flake8==7.3.0
    # via -r agl-zzh.txt
flash-attn==2.8.3
    # via -r agl-zzh.txt
flask==3.1.2
    # via
    #   -r agl-zzh.txt
    #   agentlightning
flatbuffers==25.9.23
    # via
    #   -r agl-zzh.txt
    #   onnxruntime
fonttools==4.61.1
    # via
    #   -r agl-zzh.txt
    #   matplotlib
fqdn==1.5.1
    # via
    #   -r agl-zzh.txt
    #   jsonschema
frozendict==2.4.7
    # via
    #   -r agl-zzh.txt
    #   compressed-tensors
frozenlist==1.8.0
    # via
    #   -r agl-zzh.txt
    #   aiohttp
    #   aiosignal
fsspec==2025.9.0
    # via
    #   -r agl-zzh.txt
    #   datasets
    #   huggingface-hub
    #   torch
gdown==5.2.0
    # via -r agl-zzh.txt
gguf==0.17.1
    # via
    #   -r agl-zzh.txt
    #   vllm
ghapi==1.0.8
    # via
    #   -r agl-zzh.txt
    #   swebench
ghp-import==2.1.0
    # via
    #   -r agl-zzh.txt
    #   mkdocs
gitdb==4.0.12
    # via
    #   -r agl-zzh.txt
    #   gitpython
gitpython==3.1.45
    # via
    #   -r agl-zzh.txt
    #   mkdocs-git-revision-date-localized-plugin
    #   swebench
    #   wandb
google-api-core==2.28.1
    # via
    #   -r agl-zzh.txt
    #   opencensus
google-auth==2.43.0
    # via
    #   -r agl-zzh.txt
    #   google-api-core
    #   kubernetes
googleapis-common-protos==1.72.0
    # via
    #   -r agl-zzh.txt
    #   google-api-core
    #   opentelemetry-exporter-otlp-proto-grpc
    #   opentelemetry-exporter-otlp-proto-http
gpustat==1.1.1
    # via
    #   -r agl-zzh.txt
    #   agentlightning
graphviz==0.21
    # via
    #   -r agl-zzh.txt
    #   agentlightning
greenlet==3.3.0
    # via
    #   -r agl-zzh.txt
    #   sqlalchemy
griffe==1.15.0
    # via
    #   -r agl-zzh.txt
    #   mkdocstrings-python
    #   openai-agents
grpcio==1.76.0
    # via
    #   -r agl-zzh.txt
    #   chromadb
    #   opentelemetry-exporter-otlp-proto-grpc
    #   ray
    #   tensorboard
grpclib==0.4.8
    # via
    #   -r agl-zzh.txt
    #   modal
gunicorn==23.0.0
    # via
    #   -r agl-zzh.txt
    #   agentlightning
    #   litellm
    #   uvicorn-worker
h11==0.16.0
    # via
    #   -r agl-zzh.txt
    #   httpcore
    #   uvicorn
h2==4.3.0
    # via
    #   -r agl-zzh.txt
    #   grpclib
hatch==1.15.1
    # via -r agl-zzh.txt
hatchling==1.27.0
    # via
    #   -r agl-zzh.txt
    #   hatch
hf-transfer==0.1.9
    # via
    #   -r agl-zzh.txt
    #   unsloth
    #   unsloth-zoo
hf-xet==1.2.0
    # via
    #   -r agl-zzh.txt
    #   huggingface-hub
hjson==3.1.0
    # via
    #   -r agl-zzh.txt
    #   mkdocs-macros-plugin
    #   super-collections
hpack==4.1.0
    # via
    #   -r agl-zzh.txt
    #   h2
httpcore==1.0.9
    # via
    #   -r agl-zzh.txt
    #   httpx
httpx==0.28.1
    # via
    #   -r agl-zzh.txt
    #   agentops
    #   anthropic
    #   chromadb
    #   datasets
    #   fastapi
    #   fastapi-cloud-cli
    #   fastapi-sso
    #   hatch
    #   jupyterlab
    #   langgraph-sdk
    #   langsmith
    #   litellm
    #   mcp
    #   openai
httpx-sse==0.4.3
    # via
    #   -r agl-zzh.txt
    #   langchain-community
    #   mcp
huggingface-hub==0.36.0
    # via
    #   -r agl-zzh.txt
    #   accelerate
    #   datasets
    #   diffusers
    #   kernels
    #   peft
    #   tokenizers
    #   transformers
    #   unsloth
    #   unsloth-zoo
humanfriendly==10.0
    # via
    #   -r agl-zzh.txt
    #   coloredlogs
hydra-core==1.3.2
    # via
    #   -r agl-zzh.txt
    #   verl
hyperframe==6.1.0
    # via
    #   -r agl-zzh.txt
    #   h2
hyperlink==21.0.0
    # via
    #   -r agl-zzh.txt
    #   hatch
identify==2.6.15
    # via
    #   -r agl-zzh.txt
    #   pre-commit
idna==3.11
    # via
    #   -r agl-zzh.txt
    #   anyio
    #   email-validator
    #   httpx
    #   hyperlink
    #   jsonschema
    #   requests
    #   yarl
importlib-metadata==8.7.0
    # via
    #   -r agl-zzh.txt
    #   diffusers
    #   litellm
    #   mike
    #   opentelemetry-api
    #   tensordict
importlib-resources==6.5.2
    # via
    #   -r agl-zzh.txt
    #   chromadb
    #   mike
iniconfig==2.3.0
    # via
    #   -r agl-zzh.txt
    #   pytest
instructor==1.11.3
    # via
    #   -r agl-zzh.txt
    #   crewai
interegular==0.3.3
    # via
    #   -r agl-zzh.txt
    #   lm-format-enforcer
ipykernel==7.1.0
    # via
    #   -r agl-zzh.txt
    #   jupyter
    #   jupyter-console
    #   jupyterlab
ipython==9.7.0
    # via
    #   -r agl-zzh.txt
    #   ipykernel
    #   ipywidgets
    #   jupyter-console
    #   pyvis
ipython-pygments-lexers==1.1.1
    # via
    #   -r agl-zzh.txt
    #   ipython
ipywidgets==8.1.8
    # via
    #   -r agl-zzh.txt
    #   jupyter
isodate==0.7.2
    # via
    #   -r agl-zzh.txt
    #   azure-storage-blob
isoduration==20.11.0
    # via
    #   -r agl-zzh.txt
    #   jsonschema
isort==7.0.0
    # via -r agl-zzh.txt
itsdangerous==2.2.0
    # via
    #   -r agl-zzh.txt
    #   flask
jaraco-classes==3.4.0
    # via
    #   -r agl-zzh.txt
    #   keyring
jaraco-context==6.0.1
    # via
    #   -r agl-zzh.txt
    #   keyring
jaraco-functools==4.3.0
    # via
    #   -r agl-zzh.txt
    #   keyring
jedi==0.19.2
    # via
    #   -r agl-zzh.txt
    #   ipython
jeepney==0.9.0
    # via
    #   -r agl-zzh.txt
    #   keyring
    #   secretstorage
jinja2==3.1.6
    # via
    #   -r agl-zzh.txt
    #   fastapi
    #   flask
    #   instructor
    #   jupyter-server
    #   jupyterlab
    #   jupyterlab-server
    #   litellm
    #   mike
    #   mkdocs
    #   mkdocs-macros-plugin
    #   mkdocs-material
    #   mkdocstrings
    #   nbconvert
    #   pyecharts
    #   pyvis
    #   torch
jiter==0.12.0
    # via
    #   -r agl-zzh.txt
    #   anthropic
    #   instructor
    #   openai
jmespath==1.0.1
    # via
    #   -r agl-zzh.txt
    #   boto3
    #   botocore
joblib==1.5.2
    # via
    #   -r agl-zzh.txt
    #   nltk
json-repair==0.25.2
    # via
    #   -r agl-zzh.txt
    #   crewai
json5==0.12.1
    # via
    #   -r agl-zzh.txt
    #   crewai
    #   jupyterlab-server
jsonpatch==1.33
    # via
    #   -r agl-zzh.txt
    #   langchain-core
jsonpickle==4.1.1
    # via
    #   -r agl-zzh.txt
    #   pyvis
jsonpointer==3.0.0
    # via
    #   -r agl-zzh.txt
    #   jsonpatch
    #   jsonschema
jsonref==1.1.0
    # via
    #   -r agl-zzh.txt
    #   autogen-core
    #   crewai
jsonschema==4.25.1
    # via
    #   -r agl-zzh.txt
    #   chromadb
    #   jupyter-events
    #   jupyterlab-server
    #   litellm
    #   mcp
    #   mistral-common
    #   nbformat
    #   ray
jsonschema-specifications==2025.9.1
    # via
    #   -r agl-zzh.txt
    #   jsonschema
jupyter==1.1.1
    # via -r agl-zzh.txt
jupyter-client==8.8.0
    # via
    #   -r agl-zzh.txt
    #   ipykernel
    #   jupyter-console
    #   jupyter-server
    #   nbclient
jupyter-console==6.6.3
    # via
    #   -r agl-zzh.txt
    #   jupyter
jupyter-core==5.9.1
    # via
    #   -r agl-zzh.txt
    #   ipykernel
    #   jupyter-client
    #   jupyter-console
    #   jupyter-server
    #   jupyterlab
    #   nbclient
    #   nbconvert
    #   nbformat
jupyter-events==0.12.0
    # via
    #   -r agl-zzh.txt
    #   jupyter-server
jupyter-lsp==2.3.0
    # via
    #   -r agl-zzh.txt
    #   jupyterlab
jupyter-server==2.17.0
    # via
    #   -r agl-zzh.txt
    #   jupyter-lsp
    #   jupyterlab
    #   jupyterlab-server
    #   notebook
    #   notebook-shim
jupyter-server-terminals==0.5.4
    # via
    #   -r agl-zzh.txt
    #   jupyter-server
jupyterlab==4.5.3
    # via
    #   -r agl-zzh.txt
    #   jupyter
    #   notebook
jupyterlab-pygments==0.3.0
    # via
    #   -r agl-zzh.txt
    #   nbconvert
jupyterlab-server==2.28.0
    # via
    #   -r agl-zzh.txt
    #   jupyterlab
    #   notebook
jupyterlab-widgets==3.0.16
    # via
    #   -r agl-zzh.txt
    #   ipywidgets
kernels==0.11.0
    # via -r agl-zzh.txt
keyring==25.7.0
    # via
    #   -r agl-zzh.txt
    #   hatch
kiwisolver==1.4.9
    # via
    #   -r agl-zzh.txt
    #   matplotlib
kubernetes==33.1.0
    # via
    #   -r agl-zzh.txt
    #   chromadb
lance-namespace==0.0.21
    # via
    #   -r agl-zzh.txt
    #   lancedb
    #   pylance
lance-namespace-urllib3-client==0.0.21
    # via
    #   -r agl-zzh.txt
    #   lance-namespace
lancedb==0.25.3
    # via
    #   -r agl-zzh.txt
    #   crewai-tools
langchain==1.1.2
    # via -r agl-zzh.txt
langchain-classic==1.0.0
    # via
    #   -r agl-zzh.txt
    #   langchain-community
langchain-community==0.4.1
    # via -r agl-zzh.txt
langchain-core==1.1.1
    # via
    #   -r agl-zzh.txt
    #   langchain
    #   langchain-classic
    #   langchain-community
    #   langchain-openai
    #   langchain-text-splitters
    #   langgraph
    #   langgraph-checkpoint
    #   langgraph-prebuilt
langchain-openai==1.1.0
    # via -r agl-zzh.txt
langchain-text-splitters==1.0.0
    # via
    #   -r agl-zzh.txt
    #   langchain-classic
langgraph==1.0.4
    # via
    #   -r agl-zzh.txt
    #   langchain
langgraph-checkpoint==3.0.1
    # via
    #   -r agl-zzh.txt
    #   langgraph
    #   langgraph-prebuilt
langgraph-prebuilt==1.0.5
    # via
    #   -r agl-zzh.txt
    #   langgraph
langgraph-sdk==0.2.12
    # via
    #   -r agl-zzh.txt
    #   langgraph
langsmith==0.4.55
    # via
    #   -r agl-zzh.txt
    #   langchain-classic
    #   langchain-community
    #   langchain-core
lark==1.2.2
    # via
    #   -r agl-zzh.txt
    #   rfc3987-syntax
    #   vllm
litellm==1.80.0
    # via
    #   -r agl-zzh.txt
    #   agentlightning
litellm-enterprise==0.1.21
    # via
    #   -r agl-zzh.txt
    #   litellm
litellm-proxy-extras==0.4.5
    # via
    #   -r agl-zzh.txt
    #   litellm
llguidance==0.7.30
    # via
    #   -r agl-zzh.txt
    #   vllm
llvmlite==0.44.0
    # via
    #   -r agl-zzh.txt
    #   numba
lm-format-enforcer==0.11.3
    # via
    #   -r agl-zzh.txt
    #   vllm
lxml==6.0.2
    # via
    #   -r agl-zzh.txt
    #   python-docx
markdown==3.10
    # via
    #   -r agl-zzh.txt
    #   mkdocs
    #   mkdocs-autorefs
    #   mkdocs-material
    #   mkdocstrings
    #   pymdown-extensions
    #   tensorboard
markdown-it-py==4.0.0
    # via
    #   -r agl-zzh.txt
    #   rich
markupsafe==3.0.3
    # via
    #   -r agl-zzh.txt
    #   flask
    #   jinja2
    #   mkdocs
    #   mkdocs-autorefs
    #   mkdocstrings
    #   nbconvert
    #   werkzeug
marshmallow==3.26.1
    # via
    #   -r agl-zzh.txt
    #   dataclasses-json
matplotlib==3.10.8
    # via -r agl-zzh.txt
matplotlib-inline==0.2.1
    # via
    #   -r agl-zzh.txt
    #   ipykernel
    #   ipython
mccabe==0.7.0
    # via
    #   -r agl-zzh.txt
    #   flake8
mcp==1.26.0
    # via
    #   --override (workspace)
    #   -r agl-zzh.txt
    #   crewai
    #   litellm
    #   openai-agents
mdurl==0.1.2
    # via
    #   -r agl-zzh.txt
    #   markdown-it-py
mergedeep==1.3.4
    # via
    #   -r agl-zzh.txt
    #   mkdocs
    #   mkdocs-get-deps
mike==2.1.3
    # via -r agl-zzh.txt
mistral-common==1.8.5
    # via
    #   -r agl-zzh.txt
    #   vllm
mistune==3.2.0
    # via
    #   -r agl-zzh.txt
    #   nbconvert
mkdocs==1.6.1
    # via
    #   -r agl-zzh.txt
    #   mike
    #   mkdocs-autorefs
    #   mkdocs-git-authors-plugin
    #   mkdocs-git-revision-date-localized-plugin
    #   mkdocs-macros-plugin
    #   mkdocs-material
    #   mkdocstrings
mkdocs-autorefs==1.4.3
    # via
    #   -r agl-zzh.txt
    #   mkdocstrings
    #   mkdocstrings-python
mkdocs-get-deps==0.2.0
    # via
    #   -r agl-zzh.txt
    #   mkdocs
mkdocs-git-authors-plugin==0.10.0
    # via -r agl-zzh.txt
mkdocs-git-revision-date-localized-plugin==1.5.0
    # via -r agl-zzh.txt
mkdocs-macros-plugin==1.5.0
    # via -r agl-zzh.txt
mkdocs-material==9.7.0
    # via -r agl-zzh.txt
mkdocs-material-extensions==1.3.1
    # via
    #   -r agl-zzh.txt
    #   mkdocs-material
mkdocstrings==0.30.1
    # via
    #   -r agl-zzh.txt
    #   mkdocstrings-python
mkdocstrings-python==1.19.0
    # via -r agl-zzh.txt
mmh3==5.2.0
    # via
    #   -r agl-zzh.txt
    #   chromadb
modal==1.2.4
    # via
    #   -r agl-zzh.txt
    #   swebench
more-itertools==10.8.0
    # via
    #   -r agl-zzh.txt
    #   jaraco-classes
    #   jaraco-functools
mpmath==1.3.0
    # via
    #   -r agl-zzh.txt
    #   sympy
msal==1.34.0
    # via
    #   -r agl-zzh.txt
    #   azure-identity
    #   msal-extensions
msal-extensions==1.3.1
    # via
    #   -r agl-zzh.txt
    #   azure-identity
msgpack==1.1.2
    # via
    #   -r agl-zzh.txt
    #   ray
msgspec==0.19.0
    # via
    #   -r agl-zzh.txt
    #   unsloth-zoo
    #   vllm
multidict==6.7.0
    # via
    #   -r agl-zzh.txt
    #   aiohttp
    #   grpclib
    #   yarl
multiprocess==0.70.16
    # via
    #   -r agl-zzh.txt
    #   datasets
mypy-extensions==1.1.0
    # via
    #   -r agl-zzh.txt
    #   black
    #   typing-inspect
nbclient==0.10.4
    # via
    #   -r agl-zzh.txt
    #   nbconvert
nbconvert==7.16.6
    # via
    #   -r agl-zzh.txt
    #   jupyter
    #   jupyter-server
nbformat==5.10.4
    # via
    #   -r agl-zzh.txt
    #   jupyter-server
    #   nbclient
    #   nbconvert
nest-asyncio==1.6.0
    # via
    #   -r agl-zzh.txt
    #   ipykernel
networkx==3.5
    # via
    #   -r agl-zzh.txt
    #   pyvis
    #   torch
ninja==1.13.0
    # via
    #   -r agl-zzh.txt
    #   vllm
    #   xgrammar
nltk==3.9.2
    # via -r agl-zzh.txt
nodeenv==1.9.1
    # via
    #   -r agl-zzh.txt
    #   pre-commit
    #   pyright
nodejs-wheel==22.20.0
    # via
    #   -r agl-zzh.txt
    #   poml
nodejs-wheel-binaries==22.20.0
    # via
    #   -r agl-zzh.txt
    #   nodejs-wheel
notebook==7.5.3
    # via
    #   -r agl-zzh.txt
    #   jupyter
notebook-shim==0.2.4
    # via
    #   -r agl-zzh.txt
    #   jupyterlab
    #   notebook
numba==0.61.2
    # via
    #   -r agl-zzh.txt
    #   vllm
numpy==2.2.6
    # via
    #   --override (workspace)
    #   -r agl-zzh.txt
    #   accelerate
    #   bitsandbytes
    #   chromadb
    #   contourpy
    #   cupy-cuda12x
    #   datasets
    #   diffusers
    #   gguf
    #   lancedb
    #   langchain-community
    #   matplotlib
    #   mistral-common
    #   numba
    #   onnxruntime
    #   opencv-python-headless
    #   pandas
    #   peft
    #   pylance
    #   scipy
    #   soxr
    #   tensorboard
    #   tensordict
    #   torchvision
    #   transformers
    #   unsloth
    #   unsloth-zoo
    #   verl
    #   vllm
    #   xformers
    #   xgrammar
nvidia-cublas-cu12==12.8.4.1
    # via
    #   -r agl-zzh.txt
    #   nvidia-cudnn-cu12
    #   nvidia-cusolver-cu12
    #   torch
nvidia-cuda-cupti-cu12==12.8.90
    # via
    #   -r agl-zzh.txt
    #   torch
nvidia-cuda-nvrtc-cu12==12.8.93
    # via
    #   -r agl-zzh.txt
    #   torch
nvidia-cuda-runtime-cu12==12.8.90
    # via
    #   -r agl-zzh.txt
    #   torch
nvidia-cudnn-cu12==9.10.2.21
    # via
    #   -r agl-zzh.txt
    #   torch
nvidia-cufft-cu12==11.3.3.83
    # via
    #   -r agl-zzh.txt
    #   torch
nvidia-cufile-cu12==1.13.1.3
    # via
    #   -r agl-zzh.txt
    #   torch
nvidia-curand-cu12==10.3.9.90
    # via
    #   -r agl-zzh.txt
    #   torch
nvidia-cusolver-cu12==11.7.3.90
    # via
    #   -r agl-zzh.txt
    #   torch
nvidia-cusparse-cu12==12.5.8.93
    # via
    #   -r agl-zzh.txt
    #   nvidia-cusolver-cu12
    #   torch
nvidia-cusparselt-cu12==0.7.1
    # via
    #   -r agl-zzh.txt
    #   torch
nvidia-ml-py==13.580.82
    # via
    #   -r agl-zzh.txt
    #   gpustat
    #   swanlab
nvidia-nccl-cu12==2.27.3
    # via
    #   -r agl-zzh.txt
    #   torch
nvidia-nvjitlink-cu12==12.8.93
    # via
    #   -r agl-zzh.txt
    #   nvidia-cufft-cu12
    #   nvidia-cusolver-cu12
    #   nvidia-cusparse-cu12
    #   torch
nvidia-nvtx-cu12==12.8.90
    # via
    #   -r agl-zzh.txt
    #   torch
oauthlib==3.3.1
    # via
    #   -r agl-zzh.txt
    #   fastapi-sso
    #   kubernetes
    #   requests-oauthlib
omegaconf==2.3.0
    # via
    #   -r agl-zzh.txt
    #   hydra-core
onnxruntime==1.23.2
    # via
    #   -r agl-zzh.txt
    #   chromadb
openai==2.8.0
    # via
    #   -r agl-zzh.txt
    #   agentlightning
    #   crewai
    #   instructor
    #   langchain-openai
    #   litellm
    #   openai-agents
    #   vllm
openai-agents==0.5.1
    # via -r agl-zzh.txt
openai-harmony==0.0.8
    # via
    #   -r agl-zzh.txt
    #   vllm
opencensus==0.11.4
    # via
    #   -r agl-zzh.txt
    #   ray
opencensus-context==0.1.3
    # via
    #   -r agl-zzh.txt
    #   opencensus
opencv-python-headless==4.11.0.86
    # via
    #   -r agl-zzh.txt
    #   mistral-common
    #   vllm
openpyxl==3.1.5
    # via
    #   -r agl-zzh.txt
    #   crewai
opentelemetry-api==1.38.0
    # via
    #   -r agl-zzh.txt
    #   agentlightning
    #   agentops
    #   autogen-core
    #   chromadb
    #   crewai
    #   opentelemetry-exporter-otlp-proto-grpc
    #   opentelemetry-exporter-otlp-proto-http
    #   opentelemetry-exporter-prometheus
    #   opentelemetry-instrumentation
    #   opentelemetry-sdk
    #   opentelemetry-semantic-conventions
opentelemetry-exporter-otlp==1.38.0
    # via
    #   -r agl-zzh.txt
    #   agentlightning
opentelemetry-exporter-otlp-proto-common==1.38.0
    # via
    #   -r agl-zzh.txt
    #   opentelemetry-exporter-otlp-proto-grpc
    #   opentelemetry-exporter-otlp-proto-http
opentelemetry-exporter-otlp-proto-grpc==1.38.0
    # via
    #   -r agl-zzh.txt
    #   chromadb
    #   opentelemetry-exporter-otlp
opentelemetry-exporter-otlp-proto-http==1.38.0
    # via
    #   -r agl-zzh.txt
    #   agentops
    #   crewai
    #   opentelemetry-exporter-otlp
opentelemetry-exporter-prometheus==0.59b0
    # via
    #   -r agl-zzh.txt
    #   ray
opentelemetry-instrumentation==0.59b0
    # via
    #   -r agl-zzh.txt
    #   agentops
opentelemetry-proto==1.38.0
    # via
    #   -r agl-zzh.txt
    #   opentelemetry-exporter-otlp-proto-common
    #   opentelemetry-exporter-otlp-proto-grpc
    #   opentelemetry-exporter-otlp-proto-http
    #   ray
opentelemetry-sdk==1.38.0
    # via
    #   -r agl-zzh.txt
    #   agentlightning
    #   agentops
    #   chromadb
    #   crewai
    #   opentelemetry-exporter-otlp-proto-grpc
    #   opentelemetry-exporter-otlp-proto-http
    #   opentelemetry-exporter-prometheus
    #   ray
opentelemetry-semantic-conventions==0.59b0
    # via
    #   -r agl-zzh.txt
    #   agentops
    #   opentelemetry-instrumentation
    #   opentelemetry-sdk
ordered-set==4.1.0
    # via
    #   -r agl-zzh.txt
    #   agentops
orjson==3.11.4
    # via
    #   -r agl-zzh.txt
    #   chromadb
    #   langgraph-sdk
    #   langsmith
    #   litellm
    #   tensordict
ormsgpack==1.12.0
    # via
    #   -r agl-zzh.txt
    #   langgraph-checkpoint
outlines-core==0.2.11
    # via
    #   -r agl-zzh.txt
    #   vllm
overrides==7.7.0
    # via
    #   -r agl-zzh.txt
    #   chromadb
packaging==26.0
    # via
    #   --override (workspace)
    #   -r agl-zzh.txt
    #   accelerate
    #   agentops
    #   bitsandbytes
    #   black
    #   build
    #   datasets
    #   deprecation
    #   fastcore
    #   ghapi
    #   gunicorn
    #   hatch
    #   hatchling
    #   huggingface-hub
    #   hydra-core
    #   ipykernel
    #   jupyter-events
    #   jupyter-server
    #   jupyterlab
    #   jupyterlab-server
    #   kernels
    #   lancedb
    #   langchain-core
    #   langsmith
    #   lm-format-enforcer
    #   marshmallow
    #   matplotlib
    #   mkdocs
    #   mkdocs-macros-plugin
    #   nbconvert
    #   onnxruntime
    #   opentelemetry-instrumentation
    #   peft
    #   pytest
    #   pytest-rerunfailures
    #   pyvers
    #   qwen-vl-utils
    #   ray
    #   tensorboard
    #   tensordict
    #   transformers
    #   unsloth
    #   unsloth-zoo
    #   verl
    #   wandb
paginate==0.5.7
    # via
    #   -r agl-zzh.txt
    #   mkdocs-material
pandas==2.3.3
    # via
    #   -r agl-zzh.txt
    #   datasets
    #   verl
pandocfilters==1.5.1
    # via
    #   -r agl-zzh.txt
    #   nbconvert
parso==0.8.5
    # via
    #   -r agl-zzh.txt
    #   jedi
partial-json-parser==0.2.1.1.post6
    # via
    #   -r agl-zzh.txt
    #   vllm
pathspec==0.12.1
    # via
    #   -r agl-zzh.txt
    #   black
    #   hatchling
    #   mkdocs
    #   mkdocs-macros-plugin
pdfminer-six==20250506
    # via
    #   -r agl-zzh.txt
    #   pdfplumber
pdfplumber==0.11.7
    # via
    #   -r agl-zzh.txt
    #   crewai
peft==0.18.0
    # via
    #   -r agl-zzh.txt
    #   unsloth
    #   unsloth-zoo
    #   verl
pexpect==4.9.0
    # via
    #   -r agl-zzh.txt
    #   hatch
    #   ipython
pillow==12.0.0
    # via
    #   -r agl-zzh.txt
    #   autogen-core
    #   diffusers
    #   matplotlib
    #   mistral-common
    #   pdfplumber
    #   qwen-vl-utils
    #   tensorboard
    #   torchvision
    #   unsloth-zoo
    #   vllm
platformdirs==4.5.0
    # via
    #   -r agl-zzh.txt
    #   black
    #   hatch
    #   jupyter-core
    #   mkdocs-get-deps
    #   swanlab
    #   virtualenv
    #   wandb
pluggy==1.6.0
    # via
    #   -r agl-zzh.txt
    #   hatchling
    #   pytest
polars==1.35.2
    # via
    #   -r agl-zzh.txt
    #   litellm
polars-runtime-32==1.35.2
    # via
    #   -r agl-zzh.txt
    #   polars
poml==0.0.8
    # via -r agl-zzh.txt
portalocker==2.7.0
    # via
    #   -r agl-zzh.txt
    #   crewai
portpicker==1.6.0
    # via
    #   -r agl-zzh.txt
    #   agentlightning
posthog==5.4.0
    # via
    #   -r agl-zzh.txt
    #   chromadb
pre-commit==4.4.0
    # via
    #   -r agl-zzh.txt
    #   swebench
prettytable==3.17.0
    # via
    #   -r agl-zzh.txt
    #   pyecharts
prometheus-client==0.23.1
    # via
    #   -r agl-zzh.txt
    #   jupyter-server
    #   opentelemetry-exporter-prometheus
    #   prometheus-fastapi-instrumentator
    #   ray
    #   vllm
prometheus-fastapi-instrumentator==7.1.0
    # via
    #   -r agl-zzh.txt
    #   vllm
prompt-toolkit==3.0.52
    # via
    #   -r agl-zzh.txt
    #   ipython
    #   jupyter-console
propcache==0.4.1
    # via
    #   -r agl-zzh.txt
    #   aiohttp
    #   yarl
proto-plus==1.26.1
    # via
    #   -r agl-zzh.txt
    #   google-api-core
protobuf==5.29.5
    # via
    #   -r agl-zzh.txt
    #   autogen-core
    #   google-api-core
    #   googleapis-common-protos
    #   modal
    #   onnxruntime
    #   opentelemetry-proto
    #   proto-plus
    #   ray
    #   swanlab
    #   tensorboard
    #   unsloth
    #   unsloth-zoo
    #   vllm
    #   wandb
psutil==7.0.0
    # via
    #   -r agl-zzh.txt
    #   accelerate
    #   agentlightning
    #   agentops
    #   gpustat
    #   ipykernel
    #   peft
    #   portpicker
    #   swanlab
    #   unsloth
    #   unsloth-zoo
    #   vllm
ptyprocess==0.7.0
    # via
    #   -r agl-zzh.txt
    #   pexpect
    #   terminado
pure-eval==0.2.3
    # via
    #   -r agl-zzh.txt
    #   stack-data
py-cpuinfo==9.0.0
    # via
    #   -r agl-zzh.txt
    #   vllm
py-spy==0.4.1
    # via
    #   -r agl-zzh.txt
    #   ray
pyarrow==22.0.0
    # via
    #   -r agl-zzh.txt
    #   datasets
    #   lance-namespace
    #   lancedb
    #   pylance
    #   verl
pyasn1==0.6.1
    # via
    #   -r agl-zzh.txt
    #   pyasn1-modules
    #   rsa
pyasn1-modules==0.4.2
    # via
    #   -r agl-zzh.txt
    #   google-auth
pybase64==1.4.2
    # via
    #   -r agl-zzh.txt
    #   chromadb
    #   vllm
pybind11==3.0.1
    # via
    #   -r agl-zzh.txt
    #   verl
pycodestyle==2.14.0
    # via
    #   -r agl-zzh.txt
    #   flake8
pycountry==24.6.1
    # via
    #   -r agl-zzh.txt
    #   pydantic-extra-types
pycparser==2.23
    # via
    #   -r agl-zzh.txt
    #   cffi
pydantic==2.12.4
    # via
    #   -r agl-zzh.txt
    #   agentlightning
    #   anthropic
    #   autogen-core
    #   chromadb
    #   compressed-tensors
    #   crewai
    #   fastapi
    #   fastapi-cloud-cli
    #   fastapi-sso
    #   instructor
    #   lance-namespace-urllib3-client
    #   lancedb
    #   langchain
    #   langchain-classic
    #   langchain-core
    #   langgraph
    #   langsmith
    #   litellm
    #   lm-format-enforcer
    #   mcp
    #   mistral-common
    #   openai
    #   openai-agents
    #   openai-harmony
    #   poml
    #   pydantic-extra-types
    #   pydantic-settings
    #   ray
    #   swanlab
    #   vllm
    #   wandb
    #   xgrammar
pydantic-core==2.41.5
    # via
    #   -r agl-zzh.txt
    #   instructor
    #   pydantic
pydantic-extra-types==2.10.6
    # via
    #   -r agl-zzh.txt
    #   mistral-common
pydantic-settings==2.12.0
    # via
    #   -r agl-zzh.txt
    #   crewai
    #   langchain-community
    #   mcp
pyecharts==2.0.9
    # via
    #   -r agl-zzh.txt
    #   swanlab
pyflakes==3.4.0
    # via
    #   -r agl-zzh.txt
    #   flake8
pygments==2.19.2
    # via
    #   -r agl-zzh.txt
    #   ipython
    #   ipython-pygments-lexers
    #   jupyter-console
    #   mkdocs-material
    #   nbconvert
    #   pytest
    #   rich
pyjwt==2.10.1
    # via
    #   -r agl-zzh.txt
    #   crewai
    #   litellm
    #   mcp
    #   msal
pylance==0.39.0
    # via
    #   -r agl-zzh.txt
    #   lance-namespace
pylatexenc==2.10
    # via
    #   -r agl-zzh.txt
    #   verl
pymdown-extensions==10.17.1
    # via
    #   -r agl-zzh.txt
    #   mkdocs-material
    #   mkdocstrings
pymongo==4.16.0
    # via -r agl-zzh.txt
pynacl==1.6.1
    # via
    #   -r agl-zzh.txt
    #   litellm
pyparsing==3.2.5
    # via
    #   -r agl-zzh.txt
    #   matplotlib
    #   mike
pypdf==6.3.0
    # via
    #   -r agl-zzh.txt
    #   crewai-tools
pypdfium2==5.0.0
    # via
    #   -r agl-zzh.txt
    #   pdfplumber
pypika==0.48.9
    # via
    #   -r agl-zzh.txt
    #   chromadb
pyproject-hooks==1.2.0
    # via
    #   -r agl-zzh.txt
    #   build
pyright==1.1.407
    # via -r agl-zzh.txt
pysocks==1.7.1
    # via
    #   -r agl-zzh.txt
    #   requests
pytest==9.0.1
    # via
    #   -r agl-zzh.txt
    #   pytest-asyncio
    #   pytest-rerunfailures
    #   random-word
pytest-asyncio==1.3.0
    # via -r agl-zzh.txt
pytest-rerunfailures==16.1
    # via -r agl-zzh.txt
python-dateutil==2.9.0.post0
    # via
    #   -r agl-zzh.txt
    #   arrow
    #   botocore
    #   croniter
    #   ghp-import
    #   jupyter-client
    #   kubernetes
    #   lance-namespace-urllib3-client
    #   matplotlib
    #   mkdocs-macros-plugin
    #   pandas
    #   posthog
python-docx==1.2.0
    # via
    #   -r agl-zzh.txt
    #   crewai-tools
python-dotenv==1.2.1
    # via
    #   -r agl-zzh.txt
    #   crewai
    #   litellm
    #   pydantic-settings
    #   swebench
python-json-logger==4.0.0
    # via
    #   -r agl-zzh.txt
    #   jupyter-events
    #   vllm
python-multipart==0.0.18
    # via
    #   -r agl-zzh.txt
    #   fastapi
    #   litellm
    #   mcp
pytokens==0.3.0
    # via
    #   -r agl-zzh.txt
    #   black
pytube==15.0.0
    # via
    #   -r agl-zzh.txt
    #   crewai-tools
pytz==2025.2
    # via
    #   -r agl-zzh.txt
    #   croniter
    #   pandas
pyvers==0.1.0
    # via
    #   -r agl-zzh.txt
    #   tensordict
pyvis==0.3.2
    # via
    #   -r agl-zzh.txt
    #   crewai
pyyaml==6.0.3
    # via
    #   -r agl-zzh.txt
    #   accelerate
    #   agentops
    #   chromadb
    #   datasets
    #   gguf
    #   huggingface-hub
    #   jupyter-events
    #   kernels
    #   kubernetes
    #   langchain-classic
    #   langchain-community
    #   langchain-core
    #   litellm
    #   lm-format-enforcer
    #   mike
    #   mkdocs
    #   mkdocs-get-deps
    #   mkdocs-macros-plugin
    #   omegaconf
    #   peft
    #   pre-commit
    #   pymdown-extensions
    #   pyyaml-env-tag
    #   random-word
    #   ray
    #   swanlab
    #   transformers
    #   vllm
    #   wandb
pyyaml-env-tag==1.1
    # via
    #   -r agl-zzh.txt
    #   mike
    #   mkdocs
pyzmq==27.1.0
    # via
    #   -r agl-zzh.txt
    #   ipykernel
    #   jupyter-client
    #   jupyter-console
    #   jupyter-server
    #   vllm
qwen-vl-utils==0.0.14
    # via -r agl-zzh.txt
random-word==1.0.11
    # via -r agl-zzh.txt
ray==2.51.1
    # via
    #   -r agl-zzh.txt
    #   verl
    #   vllm
redis==7.0.1
    # via
    #   -r agl-zzh.txt
    #   rq
referencing==0.36.2
    # via
    #   -r agl-zzh.txt
    #   jsonschema
    #   jsonschema-specifications
    #   jupyter-events
regex==2025.11.3
    # via
    #   -r agl-zzh.txt
    #   crewai
    #   diffusers
    #   nltk
    #   tiktoken
    #   transformers
    #   unsloth-zoo
    #   vllm
requests==2.32.5
    # via
    #   -r agl-zzh.txt
    #   agentops
    #   azure-core
    #   crewai-tools
    #   datasets
    #   diffusers
    #   docker
    #   gdown
    #   google-api-core
    #   huggingface-hub
    #   instructor
    #   jupyterlab-server
    #   kubernetes
    #   langchain-classic
    #   langchain-community
    #   langsmith
    #   mistral-common
    #   mkdocs-macros-plugin
    #   mkdocs-material
    #   msal
    #   openai-agents
    #   opentelemetry-exporter-otlp-proto-http
    #   posthog
    #   qwen-vl-utils
    #   random-word
    #   ray
    #   requests-oauthlib
    #   requests-toolbelt
    #   swanlab
    #   swebench
    #   tiktoken
    #   torchdata
    #   transformers
    #   vllm
    #   wandb
    #   youtube-transcript-api
requests-oauthlib==2.0.0
    # via
    #   -r agl-zzh.txt
    #   kubernetes
requests-toolbelt==1.0.0
    # via
    #   -r agl-zzh.txt
    #   langsmith
rfc3339-validator==0.1.4
    # via
    #   -r agl-zzh.txt
    #   jsonschema
    #   jupyter-events
rfc3986-validator==0.1.1
    # via
    #   -r agl-zzh.txt
    #   jsonschema
    #   jupyter-events
rfc3987-syntax==1.1.0
    # via
    #   -r agl-zzh.txt
    #   jsonschema
rich==14.3.3
    # via
    #   --override (workspace)
    #   -r agl-zzh.txt
    #   agentlightning
    #   chromadb
    #   hatch
    #   instructor
    #   litellm
    #   modal
    #   rich-toolkit
    #   swanlab
    #   swebench
    #   typer
    #   tyro
rich-toolkit==0.15.1
    # via
    #   -r agl-zzh.txt
    #   fastapi-cli
    #   fastapi-cloud-cli
rignore==0.7.6
    # via
    #   -r agl-zzh.txt
    #   fastapi-cloud-cli
rpds-py==0.29.0
    # via
    #   -r agl-zzh.txt
    #   jsonschema
    #   referencing
rq==2.6.0
    # via
    #   -r agl-zzh.txt
    #   litellm
rsa==4.9.1
    # via
    #   -r agl-zzh.txt
    #   google-auth
s3transfer==0.11.3
    # via
    #   -r agl-zzh.txt
    #   boto3
safetensors==0.6.2
    # via
    #   -r agl-zzh.txt
    #   accelerate
    #   diffusers
    #   peft
    #   transformers
scipy==1.16.3
    # via
    #   -r agl-zzh.txt
    #   vllm
secretstorage==3.4.1
    # via
    #   -r agl-zzh.txt
    #   keyring
send2trash==2.1.0
    # via
    #   -r agl-zzh.txt
    #   jupyter-server
sentencepiece==0.2.1
    # via
    #   -r agl-zzh.txt
    #   unsloth
    #   unsloth-zoo
    #   vllm
sentry-sdk==2.44.0
    # via
    #   -r agl-zzh.txt
    #   fastapi-cloud-cli
    #   wandb
setproctitle==1.3.7
    # via
    #   -r agl-zzh.txt
    #   agentlightning
    #   vllm
setuptools==82.0.0
    # via
    #   --override (workspace)
    #   -r agl-zzh.txt
    #   jupyterlab
    #   swanlab
    #   tensorboard
    #   torch
    #   triton
    #   vllm
shellingham==1.5.4
    # via
    #   -r agl-zzh.txt
    #   hatch
    #   typer
shtab==1.7.2
    # via
    #   -r agl-zzh.txt
    #   tyro
simplejson==3.20.2
    # via
    #   -r agl-zzh.txt
    #   pyecharts
six==1.17.0
    # via
    #   -r agl-zzh.txt
    #   kubernetes
    #   opencensus
    #   posthog
    #   python-dateutil
    #   rfc3339-validator
    #   vllm
smart-open==7.5.0
    # via
    #   -r agl-zzh.txt
    #   ray
smmap==5.0.2
    # via
    #   -r agl-zzh.txt
    #   gitdb
sniffio==1.3.1
    # via
    #   -r agl-zzh.txt
    #   aiologic
    #   anthropic
    #   anyio
    #   openai
soundfile==0.12.1
    # via
    #   -r agl-zzh.txt
    #   litellm
    #   mistral-common
soupsieve==2.8
    # via
    #   -r agl-zzh.txt
    #   beautifulsoup4
soxr==1.0.0
    # via
    #   -r agl-zzh.txt
    #   mistral-common
sqlalchemy==2.0.44
    # via
    #   -r agl-zzh.txt
    #   langchain-classic
    #   langchain-community
sqlparse==0.5.3
    # via -r agl-zzh.txt
sse-starlette==3.0.3
    # via
    #   -r agl-zzh.txt
    #   mcp
stack-data==0.6.3
    # via
    #   -r agl-zzh.txt
    #   ipython
starlette==0.49.3
    # via
    #   -r agl-zzh.txt
    #   fastapi
    #   mcp
    #   prometheus-fastapi-instrumentator
super-collections==0.6.2
    # via
    #   -r agl-zzh.txt
    #   mkdocs-macros-plugin
swanlab==0.7.6
    # via -r agl-zzh.txt
swebench==4.1.0
    # via -r agl-zzh.txt
sympy==1.14.0
    # via
    #   -r agl-zzh.txt
    #   onnxruntime
    #   torch
synchronicity==0.10.4
    # via
    #   -r agl-zzh.txt
    #   modal
tenacity==9.1.2
    # via
    #   -r agl-zzh.txt
    #   chromadb
    #   instructor
    #   langchain-community
    #   langchain-core
    #   swebench
tensorboard==2.20.0
    # via
    #   -r agl-zzh.txt
    #   verl
tensorboard-data-server==0.7.2
    # via
    #   -r agl-zzh.txt
    #   tensorboard
tensordict==0.10.0
    # via
    #   -r agl-zzh.txt
    #   verl
termcolor==2.4.0
    # via
    #   -r agl-zzh.txt
    #   agentops
    #   mkdocs-macros-plugin
terminado==0.18.1
    # via
    #   -r agl-zzh.txt
    #   jupyter-server
    #   jupyter-server-terminals
tiktoken==0.12.0
    # via
    #   -r agl-zzh.txt
    #   crewai-tools
    #   langchain-openai
    #   litellm
    #   mistral-common
    #   vllm
tinycss2==1.4.0
    # via
    #   -r agl-zzh.txt
    #   bleach
tokenizers==0.22.1
    # via
    #   -r agl-zzh.txt
    #   chromadb
    #   crewai
    #   litellm
    #   transformers
    #   vllm
toml==0.10.2
    # via
    #   -r agl-zzh.txt
    #   modal
tomli==2.3.0
    # via
    #   -r agl-zzh.txt
    #   crewai
tomli-w==1.2.0
    # via
    #   -r agl-zzh.txt
    #   crewai
    #   hatch
tomlkit==0.13.3
    # via
    #   -r agl-zzh.txt
    #   hatch
torch==2.8.0
    # via
    #   -r agl-zzh.txt
    #   accelerate
    #   bitsandbytes
    #   compressed-tensors
    #   cut-cross-entropy
    #   flash-attn
    #   peft
    #   tensordict
    #   torchaudio
    #   torchdata
    #   torchvision
    #   unsloth
    #   unsloth-zoo
    #   vllm
    #   xformers
    #   xgrammar
torchao==0.14.1
    # via
    #   -r agl-zzh.txt
    #   unsloth-zoo
torchaudio==2.8.0
    # via
    #   -r agl-zzh.txt
    #   vllm
torchdata==0.11.0
    # via
    #   -r agl-zzh.txt
    #   verl
torchvision==0.23.0
    # via
    #   -r agl-zzh.txt
    #   unsloth
    #   vllm
tornado==6.5.4
    # via
    #   -r agl-zzh.txt
    #   ipykernel
    #   jupyter-client
    #   jupyter-server
    #   jupyterlab
    #   notebook
    #   terminado
tqdm==4.67.1
    # via
    #   -r agl-zzh.txt
    #   chromadb
    #   datasets
    #   gdown
    #   gguf
    #   huggingface-hub
    #   lancedb
    #   nltk
    #   openai
    #   peft
    #   swebench
    #   transformers
    #   unsloth
    #   unsloth-zoo
    #   vllm
traitlets==5.14.3
    # via
    #   -r agl-zzh.txt
    #   ipykernel
    #   ipython
    #   ipywidgets
    #   jupyter-client
    #   jupyter-console
    #   jupyter-core
    #   jupyter-events
    #   jupyter-server
    #   jupyterlab
    #   matplotlib-inline
    #   nbclient
    #   nbconvert
    #   nbformat
transformers==4.57.1
    # via
    #   -r agl-zzh.txt
    #   compressed-tensors
    #   peft
    #   trl
    #   unsloth
    #   unsloth-zoo
    #   verl
    #   vllm
    #   xgrammar
triton==3.4.0
    # via
    #   -r agl-zzh.txt
    #   cut-cross-entropy
    #   torch
    #   unsloth
    #   unsloth-zoo
    #   xgrammar
trl==0.23.0
    # via
    #   -r agl-zzh.txt
    #   unsloth
    #   unsloth-zoo
trove-classifiers==2025.11.14.15
    # via
    #   -r agl-zzh.txt
    #   hatchling
typeguard==4.4.4
    # via
    #   -r agl-zzh.txt
    #   tyro
typer==0.20.0
    # via
    #   -r agl-zzh.txt
    #   chromadb
    #   fastapi-cli
    #   fastapi-cloud-cli
    #   instructor
    #   modal
types-certifi==2021.10.8.3
    # via
    #   -r agl-zzh.txt
    #   modal
types-requests==2.32.4.20250913
    # via
    #   -r agl-zzh.txt
    #   openai-agents
types-toml==0.10.8.20240310
    # via
    #   -r agl-zzh.txt
    #   modal
typing-extensions==4.15.0
    # via
    #   -r agl-zzh.txt
    #   aiologic
    #   aiosignal
    #   anthropic
    #   anyio
    #   autogen-core
    #   azure-core
    #   azure-identity
    #   azure-storage-blob
    #   beautifulsoup4
    #   chromadb
    #   fastapi
    #   grpcio
    #   huggingface-hub
    #   lance-namespace
    #   lance-namespace-urllib3-client
    #   langchain-core
    #   mcp
    #   mistral-common
    #   modal
    #   openai
    #   openai-agents
    #   opentelemetry-api
    #   opentelemetry-exporter-otlp-proto-grpc
    #   opentelemetry-exporter-otlp-proto-http
    #   opentelemetry-sdk
    #   opentelemetry-semantic-conventions
    #   pydantic
    #   pydantic-core
    #   pydantic-extra-types
    #   pyright
    #   pytest-asyncio
    #   python-docx
    #   referencing
    #   rich-toolkit
    #   sqlalchemy
    #   starlette
    #   synchronicity
    #   torch
    #   typeguard
    #   typer
    #   typing-inspect
    #   typing-inspection
    #   tyro
    #   unsloth-zoo
    #   vllm
    #   wandb
    #   xgrammar
typing-inspect==0.9.0
    # via
    #   -r agl-zzh.txt
    #   dataclasses-json
typing-inspection==0.4.2
    # via
    #   -r agl-zzh.txt
    #   mcp
    #   pydantic
    #   pydantic-settings
tyro==0.9.35
    # via
    #   -r agl-zzh.txt
    #   unsloth
    #   unsloth-zoo
tzdata==2025.2
    # via
    #   -r agl-zzh.txt
    #   arrow
    #   pandas
tzlocal==5.3.1
    # via
    #   -r agl-zzh.txt
    #   apscheduler
unidiff==0.7.5
    # via
    #   -r agl-zzh.txt
    #   swebench
unsloth==2025.11.3
    # via -r agl-zzh.txt
unsloth-zoo==2025.11.4
    # via
    #   -r agl-zzh.txt
    #   unsloth
uri-template==1.3.0
    # via
    #   -r agl-zzh.txt
    #   jsonschema
urllib3==2.5.0
    # via
    #   -r agl-zzh.txt
    #   botocore
    #   docker
    #   kubernetes
    #   lance-namespace-urllib3-client
    #   requests
    #   sentry-sdk
    #   swanlab
    #   torchdata
    #   types-requests
userpath==1.9.2
    # via
    #   -r agl-zzh.txt
    #   hatch
uuid-utils==0.12.0
    # via
    #   -r agl-zzh.txt
    #   langchain-core
    #   langsmith
uv==0.9.9
    # via
    #   -r agl-zzh.txt
    #   crewai
    #   hatch
uvicorn==0.41.0
    # via
    #   --override (workspace)
    #   -r agl-zzh.txt
    #   agentlightning
    #   chromadb
    #   fastapi
    #   fastapi-cli
    #   fastapi-cloud-cli
    #   litellm
    #   mcp
    #   uvicorn-worker
uvicorn-worker==0.4.0
    # via
    #   -r agl-zzh.txt
    #   agentlightning
uvloop==0.21.0
    # via
    #   -r agl-zzh.txt
    #   litellm
verl==0.6.1
    # via -r agl-zzh.txt
verspec==0.1.0
    # via
    #   -r agl-zzh.txt
    #   mike
virtualenv==20.35.4
    # via
    #   -r agl-zzh.txt
    #   hatch
    #   pre-commit
    #   ray
vllm==0.11.0
    # via -r agl-zzh.txt
wandb==0.23.0
    # via
    #   -r agl-zzh.txt
    #   verl
watchdog==6.0.0
    # via
    #   -r agl-zzh.txt
    #   mkdocs
watchfiles==1.1.1
    # via
    #   -r agl-zzh.txt
    #   modal
    #   vllm
wcwidth==0.2.14
    # via
    #   -r agl-zzh.txt
    #   blessed
    #   prettytable
    #   prompt-toolkit
webcolors==25.10.0
    # via
    #   -r agl-zzh.txt
    #   jsonschema
webencodings==0.5.1
    # via
    #   -r agl-zzh.txt
    #   bleach
    #   tinycss2
websocket-client==1.9.0
    # via
    #   -r agl-zzh.txt
    #   jupyter-server
    #   kubernetes
websockets==16.0
    # via
    #   --override (workspace)
    #   -r agl-zzh.txt
    #   litellm
werkzeug==3.1.3
    # via
    #   -r agl-zzh.txt
    #   flask
    #   tensorboard
wheel==0.45.1
    # via
    #   -r agl-zzh.txt
    #   unsloth
    #   unsloth-zoo
widgetsnbextension==4.0.15
    # via
    #   -r agl-zzh.txt
    #   ipywidgets
wrapt==1.17.3
    # via
    #   -r agl-zzh.txt
    #   agentops
    #   aiologic
    #   opentelemetry-instrumentation
    #   smart-open
    #   swanlab
xformers==0.0.32.post1
    # via
    #   -r agl-zzh.txt
    #   unsloth
    #   vllm
xgrammar==0.1.25
    # via
    #   -r agl-zzh.txt
    #   vllm
xxhash==3.6.0
    # via
    #   -r agl-zzh.txt
    #   datasets
    #   langgraph
yarl==1.22.0
    # via
    #   -r agl-zzh.txt
    #   aiohttp
youtube-transcript-api==1.2.3
    # via
    #   -r agl-zzh.txt
    #   crewai-tools
zipp==3.23.0
    # via
    #   -r agl-zzh.txt
    #   importlib-metadata
zstandard==0.23.0
    # via
    #   -r agl-zzh.txt
    #   hatch
    #   langsmith
